
Microsoft Visual Studio Solution File, Format Version 12.00
# Visual Studio 15
VisualStudioVersion = 15.0.27130.2020
MinimumVisualStudioVersion = 10.0.40219.1
Project("{FAE04EC0-301F-11D3-BF4B-00C04F79EFBC}") = "SqlExpressionClauseBuilder", "SqlExpressionClauseBuilder\SqlExpressionClauseBuilder.csproj", "{DBA5FCE7-2504-4B9E-BCCE-68D10446799D}"
EndProject
Project("{FAE04EC0-301F-11D3-BF4B-00C04F79EFBC}") = "Tests", "Tests\Tests.csproj", "{F6573296-0E52-4189-8AEE-1A689F20E47C}"
EndProject
Global
	GlobalSection(SolutionConfigurationPlatforms) = preSolution
		Debug|Any CPU = Debug|Any CPU
		Release|Any CPU = Release|Any CPU
	EndGlobalSection
	GlobalSection(ProjectConfigurationPlatforms) = postSolution
		{DBA5FCE7-2504-4B9E-BCCE-68D10446799D}.Debug|Any CPU.ActiveCfg = Debug|Any CPU
		{DBA5FCE7-2504-4B9E-BCCE-68D10446799D}.Debug|Any CPU.Build.0 = Debug|Any CPU
		{DBA5FCE7-2504-4B9E-BCCE-68D10446799D}.Release|Any CPU.ActiveCfg = Release|Any CPU
		{DBA5FCE7-2504-4B9E-BCCE-68D10446799D}.Release|Any CPU.Build.0 = Release|Any CPU
		{F6573296-0E52-4189-8AEE-1A689F20E47C}.Debug|Any CPU.ActiveCfg = Debug|Any CPU
		{F6573296-0E52-4189-8AEE-1A689F20E47C}.Debug|Any CPU.Build.0 = Debug|Any CPU
		{F6573296-0E52-4189-8AEE-1A689F20E47C}.Release|Any CPU.ActiveCfg = Release|Any CPU
		{F6573296-0E52-4189-8AEE-1A689F20E47C}.Release|Any CPU.Build.0 = Release|Any CPU
	EndGlobalSection
	GlobalSection(SolutionProperties) = preSolution
		HideSolutionNode = FALSE
	EndGlobalSection
	GlobalSection(ExtensibilityGlobals) = postSolution
		SolutionGuid = {E30F0ECC-85B9-408E-968A-2B6A1D9ECC64}
	EndGlobalSection
EndGlobal
